<?xml version="1.0" encoding="utf-8"?>
<Project ToolsVersion="4.0" xmlns="http://schemas.microsoft.com/developer/msbuild/2003">
  <ItemGroup>
    <Filter Include="DebugUtils">
      <UniqueIdentifier>{d296f03a-8580-4fdc-9fc6-aed5befeb34a}</UniqueIdentifier>
    </Filter>
    <Filter Include="Detour">
      <UniqueIdentifier>{741fc9c9-8451-4209-8dd0-b2b7a4c34d71}</UniqueIdentifier>
    </Filter>
    <Filter Include="DetourCrowd">
      <UniqueIdentifier>{c1f3f9f7-f170-4b1e-96e5-0ac557659525}</UniqueIdentifier>
    </Filter>
    <Filter Include="DetourTileCache">
      <UniqueIdentifier>{3b3019b1-693f-49a6-9778-540defe3390a}</UniqueIdentifier>
    </Filter>
    <Filter Include="Recast">
      <UniqueIdentifier>{d9460940-06ba-45b7-b909-2f3a2ef53097}</UniqueIdentifier>
    </Filter>
  </ItemGroup>
  <ItemGroup>
    <ClCompile Include="DebugUtils\DebugDraw.cpp">
      <Filter>DebugUtils</Filter>
    </ClCompile>
    <ClCompile Include="DebugUtils\DetourDebugDraw.cpp">
      <Filter>DebugUtils</Filter>
    </ClCompile>
    <ClCompile Include="DebugUtils\RecastDebugDraw.cpp">
      <Filter>DebugUtils</Filter>
    </ClCompile>
    <ClCompile Include="DebugUtils\RecastDump.cpp">
      <Filter>DebugUtils</Filter>
    </ClCompile>
    <ClCompile Include="Detour\DetourAlloc.cpp">
      <Filter>Detour</Filter>
    </ClCompile>
    <ClCompile Include="Detour\DetourCommon.cpp">
      <Filter>Detour</Filter>
    </ClCompile>
    <ClCompile Include="Detour\DetourNavMesh.cpp">
      <Filter>Detour</Filter>
    </ClCompile>
    <ClCompile Include="Detour\DetourNavMeshBuilder.cpp">
      <Filter>Detour</Filter>
    </ClCompile>
    <ClCompile Include="Detour\DetourNavMeshQuery.cpp">
      <Filter>Detour</Filter>
    </ClCompile>
    <ClCompile Include="Detour\DetourNode.cpp">
      <Filter>Detour</Filter>
    </ClCompile>
    <ClCompile Include="DetourCrowd\DetourCrowd.cpp">
      <Filter>DetourCrowd</Filter>
    </ClCompile>
    <ClCompile Include="DetourCrowd\DetourLocalBoundary.cpp">
      <Filter>DetourCrowd</Filter>
    </ClCompile>
    <ClCompile Include="DetourCrowd\DetourObstacleAvoidance.cpp">
      <Filter>DetourCrowd</Filter>
    </ClCompile>
    <ClCompile Include="DetourCrowd\DetourPathCorridor.cpp">
      <Filter>DetourCrowd</Filter>
    </ClCompile>
    <ClCompile Include="DetourCrowd\DetourPathQueue.cpp">
      <Filter>DetourCrowd</Filter>
    </ClCompile>
    <ClCompile Include="DetourCrowd\DetourProximityGrid.cpp">
      <Filter>DetourCrowd</Filter>
    </ClCompile>
    <ClCompile Include="DetourTileCache\DetourTileCache.cpp">
      <Filter>DetourTileCache</Filter>
    </ClCompile>
    <ClCompile Include="DetourTileCache\DetourTileCacheBuilder.cpp">
      <Filter>DetourTileCache</Filter>
    </ClCompile>
    <ClCompile Include="Recast\Recast.cpp">
      <Filter>Recast</Filter>
    </ClCompile>
    <ClCompile Include="Recast\RecastAlloc.cpp">
      <Filter>Recast</Filter>
    </ClCompile>
    <ClCompile Include="Recast\RecastArea.cpp">
      <Filter>Recast</Filter>
    </ClCompile>
    <ClCompile Include="Recast\RecastContour.cpp">
      <Filter>Recast</Filter>
    </ClCompile>
    <ClCompile Include="Recast\RecastFilter.cpp">
      <Filter>Recast</Filter>
    </ClCompile>
    <ClCompile Include="Recast\RecastLayers.cpp">
      <Filter>Recast</Filter>
    </ClCompile>
    <ClCompile Include="Recast\RecastMesh.cpp">
      <Filter>Recast</Filter>
    </ClCompile>
    <ClCompile Include="Recast\RecastMeshDetail.cpp">
      <Filter>Recast</Filter>
    </ClCompile>
    <ClCompile Include="Recast\RecastRasterization.cpp">
      <Filter>Recast</Filter>
    </ClCompile>
    <ClCompile Include="Recast\RecastRegion.cpp">
      <Filter>Recast</Filter>
    </ClCompile>
  </ItemGroup>
  <ItemGroup>
    <ClInclude Include="DebugUtils\DebugDraw.h">
      <Filter>DebugUtils</Filter>
    </ClInclude>
    <ClInclude Include="DebugUtils\DetourDebugDraw.h">
      <Filter>DebugUtils</Filter>
    </ClInclude>
    <ClInclude Include="DebugUtils\RecastDebugDraw.h">
      <Filter>DebugUtils</Filter>
    </ClInclude>
    <ClInclude Include="DebugUtils\RecastDump.h">
      <Filter>DebugUtils</Filter>
    </ClInclude>
    <ClInclude Include="Detour\DetourAlloc.h">
      <Filter>Detour</Filter>
    </ClInclude>
    <ClInclude Include="Detour\DetourAssert.h">
      <Filter>Detour</Filter>
    </ClInclude>
    <ClInclude Include="Detour\DetourCommon.h">
      <Filter>Detour</Filter>
    </ClInclude>
    <ClInclude Include="Detour\DetourMath.h">
      <Filter>Detour</Filter>
    </ClInclude>
    <ClInclude Include="Detour\DetourNavMesh.h">
      <Filter>Detour</Filter>
    </ClInclude>
    <ClInclude Include="Detour\DetourNavMeshBuilder.h">
      <Filter>Detour</Filter>
    </ClInclude>
    <ClInclude Include="Detour\DetourNavMeshQuery.h">
      <Filter>Detour</Filter>
    </ClInclude>
    <ClInclude Include="Detour\DetourNode.h">
      <Filter>Detour</Filter>
    </ClInclude>
    <ClInclude Include="Detour\DetourStatus.h">
      <Filter>Detour</Filter>
    </ClInclude>
    <ClInclude Include="DetourCrowd\DetourCrowd.h">
      <Filter>DetourCrowd</Filter>
    </ClInclude>
    <ClInclude Include="DetourCrowd\DetourLocalBoundary.h">
      <Filter>DetourCrowd</Filter>
    </ClInclude>
    <ClInclude Include="DetourCrowd\DetourObstacleAvoidance.h">
      <Filter>DetourCrowd</Filter>
    </ClInclude>
    <ClInclude Include="DetourCrowd\DetourPathCorridor.h">
      <Filter>DetourCrowd</Filter>
    </ClInclude>
    <ClInclude Include="DetourCrowd\DetourPathQueue.h">
      <Filter>DetourCrowd</Filter>
    </ClInclude>
    <ClInclude Include="DetourCrowd\DetourProximityGrid.h">
      <Filter>DetourCrowd</Filter>
    </ClInclude>
    <ClInclude Include="DetourTileCache\DetourTileCache.h">
      <Filter>DetourTileCache</Filter>
    </ClInclude>
    <ClInclude Include="DetourTileCache\DetourTileCacheBuilder.h">
      <Filter>DetourTileCache</Filter>
    </ClInclude>
    <ClInclude Include="Recast\Recast.h">
      <Filter>Recast</Filter>
    </ClInclude>
    <ClInclude Include="Recast\RecastAlloc.h">
      <Filter>Recast</Filter>
    </ClInclude>
    <ClInclude Include="Recast\RecastAssert.h">
      <Filter>Recast</Filter>
    </ClInclude>
  </ItemGroup>
  <ItemGroup>
    <Text Include="ZalojChanges.txt" />
  </ItemGroup>
</Project>