<?xml version="1.0" encoding="utf-8"?>
<Project ToolsVersion="4.0" xmlns="http://schemas.microsoft.com/developer/msbuild/2003">
  <ItemGroup>
    <Filter Include="platform">
      <UniqueIdentifier>{29d87064-0deb-42db-b294-035b5a2fd9df}</UniqueIdentifier>
    </Filter>
    <Filter Include="2d">
      <UniqueIdentifier>{c12e7f34-6be2-49c6-867e-b3b3b0c9bc53}</UniqueIdentifier>
    </Filter>
    <Filter Include="audio">
      <UniqueIdentifier>{b2d9f78c-7811-46df-b502-422ab59931a8}</UniqueIdentifier>
    </Filter>
    <Filter Include="base">
      <UniqueIdentifier>{b4013077-f099-4f55-b371-529fc666c306}</UniqueIdentifier>
    </Filter>
    <Filter Include="editor-support">
      <UniqueIdentifier>{fc1c0c92-7130-4f2a-bd42-d07d2b59bbe0}</UniqueIdentifier>
    </Filter>
    <Filter Include="math">
      <UniqueIdentifier>{a12ed4d5-d8ae-4d69-8a3c-98eb3989d58b}</UniqueIdentifier>
    </Filter>
    <Filter Include="navmesh">
      <UniqueIdentifier>{7c15117e-da2f-4f36-9e58-6e4402d30e3f}</UniqueIdentifier>
    </Filter>
    <Filter Include="network">
      <UniqueIdentifier>{53b28bd9-c385-4252-8afd-1c977fbb1792}</UniqueIdentifier>
    </Filter>
    <Filter Include="physics">
      <UniqueIdentifier>{a97c8172-0447-439a-bb70-97eabc2a531a}</UniqueIdentifier>
    </Filter>
    <Filter Include="physics3d">
      <UniqueIdentifier>{915b12e4-36bc-4fef-8129-196f0403938b}</UniqueIdentifier>
    </Filter>
    <Filter Include="renderer">
      <UniqueIdentifier>{a2a8b5a1-4c19-4d6d-bb73-87cb962f5757}</UniqueIdentifier>
    </Filter>
    <Filter Include="storage">
      <UniqueIdentifier>{50053017-41cc-437c-ad60-126fb03bc66c}</UniqueIdentifier>
    </Filter>
    <Filter Include="ui">
      <UniqueIdentifier>{a2020b71-6e77-4ac6-bd6c-d0f6d616ac56}</UniqueIdentifier>
    </Filter>
    <Filter Include="audio\win32">
      <UniqueIdentifier>{49d9ba05-4423-4992-ab98-b4e0d094c7fd}</UniqueIdentifier>
    </Filter>
    <Filter Include="audio\include">
      <UniqueIdentifier>{8253f767-b316-4adf-ad5a-b9da25d97da3}</UniqueIdentifier>
    </Filter>
    <Filter Include="storage\local-storage">
      <UniqueIdentifier>{6fac3ae5-4048-4dd2-bde1-2cb8bf4d3b33}</UniqueIdentifier>
    </Filter>
  </ItemGroup>
  <ItemGroup>
    <ClInclude Include="platform\CCApplication.h">
      <Filter>platform</Filter>
    </ClInclude>
    <ClInclude Include="platform\CCApplicationProtocol.h">
      <Filter>platform</Filter>
    </ClInclude>
    <ClInclude Include="platform\CCCommon.h">
      <Filter>platform</Filter>
    </ClInclude>
    <ClInclude Include="platform\CCDevice.h">
      <Filter>platform</Filter>
    </ClInclude>
    <ClInclude Include="platform\CCFileUtils.h">
      <Filter>platform</Filter>
    </ClInclude>
    <ClInclude Include="platform\CCGL.h">
      <Filter>platform</Filter>
    </ClInclude>
    <ClInclude Include="platform\CCGLView.h">
      <Filter>platform</Filter>
    </ClInclude>
    <ClInclude Include="platform\CCImage.h">
      <Filter>platform</Filter>
    </ClInclude>
    <ClInclude Include="platform\CCPlatformConfig.h">
      <Filter>platform</Filter>
    </ClInclude>
    <ClInclude Include="platform\CCPlatformDefine.h">
      <Filter>platform</Filter>
    </ClInclude>
    <ClInclude Include="platform\CCPlatformMacros.h">
      <Filter>platform</Filter>
    </ClInclude>
    <ClInclude Include="platform\CCSAXParser.h">
      <Filter>platform</Filter>
    </ClInclude>
    <ClInclude Include="platform\CCStdC.h">
      <Filter>platform</Filter>
    </ClInclude>
    <ClInclude Include="platform\CCThread.h">
      <Filter>platform</Filter>
    </ClInclude>
    <ClInclude Include="cocos2d.h" />
    <ClInclude Include="2d\CCAction.h">
      <Filter>2d</Filter>
    </ClInclude>
    <ClInclude Include="2d\CCActionCamera.h">
      <Filter>2d</Filter>
    </ClInclude>
    <ClInclude Include="2d\CCActionCatmullRom.h">
      <Filter>2d</Filter>
    </ClInclude>
    <ClInclude Include="2d\CCActionEase.h">
      <Filter>2d</Filter>
    </ClInclude>
    <ClInclude Include="2d\CCActionGrid.h">
      <Filter>2d</Filter>
    </ClInclude>
    <ClInclude Include="2d\CCActionGrid3D.h">
      <Filter>2d</Filter>
    </ClInclude>
    <ClInclude Include="2d\CCActionInstant.h">
      <Filter>2d</Filter>
    </ClInclude>
    <ClInclude Include="2d\CCActionInterval.h">
      <Filter>2d</Filter>
    </ClInclude>
    <ClInclude Include="2d\CCActionManager.h">
      <Filter>2d</Filter>
    </ClInclude>
    <ClInclude Include="2d\CCActionPageTurn3D.h">
      <Filter>2d</Filter>
    </ClInclude>
    <ClInclude Include="2d\CCActionProgressTimer.h">
      <Filter>2d</Filter>
    </ClInclude>
    <ClInclude Include="2d\CCActionTiledGrid.h">
      <Filter>2d</Filter>
    </ClInclude>
    <ClInclude Include="2d\CCActionTween.h">
      <Filter>2d</Filter>
    </ClInclude>
    <ClInclude Include="2d\CCAnimation.h">
      <Filter>2d</Filter>
    </ClInclude>
    <ClInclude Include="2d\CCAnimationCache.h">
      <Filter>2d</Filter>
    </ClInclude>
    <ClInclude Include="2d\CCAtlasNode.h">
      <Filter>2d</Filter>
    </ClInclude>
    <ClInclude Include="2d\CCAutoPolygon.h">
      <Filter>2d</Filter>
    </ClInclude>
    <ClInclude Include="2d\CCCamera.h">
      <Filter>2d</Filter>
    </ClInclude>
    <ClInclude Include="2d\CCCameraBackgroundBrush.h">
      <Filter>2d</Filter>
    </ClInclude>
    <ClInclude Include="2d\CCClippingNode.h">
      <Filter>2d</Filter>
    </ClInclude>
    <ClInclude Include="2d\CCClippingRectangleNode.h">
      <Filter>2d</Filter>
    </ClInclude>
    <ClInclude Include="2d\CCComponent.h">
      <Filter>2d</Filter>
    </ClInclude>
    <ClInclude Include="2d\CCComponentContainer.h">
      <Filter>2d</Filter>
    </ClInclude>
    <ClInclude Include="2d\CCDrawingPrimitives.h">
      <Filter>2d</Filter>
    </ClInclude>
    <ClInclude Include="2d\CCDrawNode.h">
      <Filter>2d</Filter>
    </ClInclude>
    <ClInclude Include="2d\CCFastTMXLayer.h">
      <Filter>2d</Filter>
    </ClInclude>
    <ClInclude Include="2d\CCFastTMXTiledMap.h">
      <Filter>2d</Filter>
    </ClInclude>
    <ClInclude Include="2d\CCFont.h">
      <Filter>2d</Filter>
    </ClInclude>
    <ClInclude Include="2d\CCFontAtlas.h">
      <Filter>2d</Filter>
    </ClInclude>
    <ClInclude Include="2d\CCFontAtlasCache.h">
      <Filter>2d</Filter>
    </ClInclude>
    <ClInclude Include="2d\CCFontCharMap.h">
      <Filter>2d</Filter>
    </ClInclude>
    <ClInclude Include="2d\CCFontFNT.h">
      <Filter>2d</Filter>
    </ClInclude>
    <ClInclude Include="2d\CCFontFreeType.h">
      <Filter>2d</Filter>
    </ClInclude>
    <ClInclude Include="2d\CCGLBufferedNode.h">
      <Filter>2d</Filter>
    </ClInclude>
    <ClInclude Include="2d\CCGrabber.h">
      <Filter>2d</Filter>
    </ClInclude>
    <ClInclude Include="2d\CCGrid.h">
      <Filter>2d</Filter>
    </ClInclude>
    <ClInclude Include="2d\CCLabel.h">
      <Filter>2d</Filter>
    </ClInclude>
    <ClInclude Include="2d\CCLabelAtlas.h">
      <Filter>2d</Filter>
    </ClInclude>
    <ClInclude Include="2d\CCLabelBMFont.h">
      <Filter>2d</Filter>
    </ClInclude>
    <ClInclude Include="2d\CCLabelTextFormatter.h">
      <Filter>2d</Filter>
    </ClInclude>
    <ClInclude Include="2d\CCLabelTTF.h">
      <Filter>2d</Filter>
    </ClInclude>
    <ClInclude Include="2d\CCLayer.h">
      <Filter>2d</Filter>
    </ClInclude>
    <ClInclude Include="2d\CCLight.h">
      <Filter>2d</Filter>
    </ClInclude>
    <ClInclude Include="2d\CCMenu.h">
      <Filter>2d</Filter>
    </ClInclude>
    <ClInclude Include="2d\CCMenuItem.h">
      <Filter>2d</Filter>
    </ClInclude>
    <ClInclude Include="2d\CCMotionStreak.h">
      <Filter>2d</Filter>
    </ClInclude>
    <ClInclude Include="2d\CCNode.h">
      <Filter>2d</Filter>
    </ClInclude>
    <ClInclude Include="2d\CCNodeGrid.h">
      <Filter>2d</Filter>
    </ClInclude>
    <ClInclude Include="2d\CCParallaxNode.h">
      <Filter>2d</Filter>
    </ClInclude>
    <ClInclude Include="2d\CCParticleBatchNode.h">
      <Filter>2d</Filter>
    </ClInclude>
    <ClInclude Include="2d\CCParticleExamples.h">
      <Filter>2d</Filter>
    </ClInclude>
    <ClInclude Include="2d\CCParticleSystem.h">
      <Filter>2d</Filter>
    </ClInclude>
    <ClInclude Include="2d\CCParticleSystemQuad.h">
      <Filter>2d</Filter>
    </ClInclude>
    <ClInclude Include="2d\CCProgressTimer.h">
      <Filter>2d</Filter>
    </ClInclude>
    <ClInclude Include="2d\CCProtectedNode.h">
      <Filter>2d</Filter>
    </ClInclude>
    <ClInclude Include="2d\CCRenderTexture.h">
      <Filter>2d</Filter>
    </ClInclude>
    <ClInclude Include="2d\CCScene.h">
      <Filter>2d</Filter>
    </ClInclude>
    <ClInclude Include="2d\CCSprite.h">
      <Filter>2d</Filter>
    </ClInclude>
    <ClInclude Include="2d\CCSpriteBatchNode.h">
      <Filter>2d</Filter>
    </ClInclude>
    <ClInclude Include="2d\CCSpriteFrame.h">
      <Filter>2d</Filter>
    </ClInclude>
    <ClInclude Include="2d\CCSpriteFrameCache.h">
      <Filter>2d</Filter>
    </ClInclude>
    <ClInclude Include="2d\CCTextFieldTTF.h">
      <Filter>2d</Filter>
    </ClInclude>
    <ClInclude Include="2d\CCTileMapAtlas.h">
      <Filter>2d</Filter>
    </ClInclude>
    <ClInclude Include="2d\CCTMXLayer.h">
      <Filter>2d</Filter>
    </ClInclude>
    <ClInclude Include="2d\CCTMXObjectGroup.h">
      <Filter>2d</Filter>
    </ClInclude>
    <ClInclude Include="2d\CCTMXTiledMap.h">
      <Filter>2d</Filter>
    </ClInclude>
    <ClInclude Include="2d\CCTMXXMLParser.h">
      <Filter>2d</Filter>
    </ClInclude>
    <ClInclude Include="2d\CCTransition.h">
      <Filter>2d</Filter>
    </ClInclude>
    <ClInclude Include="2d\CCTransitionPageTurn.h">
      <Filter>2d</Filter>
    </ClInclude>
    <ClInclude Include="2d\CCTransitionProgress.h">
      <Filter>2d</Filter>
    </ClInclude>
    <ClInclude Include="2d\CCTweenFunction.h">
      <Filter>2d</Filter>
    </ClInclude>
    <ClInclude Include="audio\win32\AudioCache.h">
      <Filter>audio\win32</Filter>
    </ClInclude>
    <ClInclude Include="audio\win32\AudioEngine-win32.h">
      <Filter>audio\win32</Filter>
    </ClInclude>
    <ClInclude Include="audio\win32\AudioPlayer.h">
      <Filter>audio\win32</Filter>
    </ClInclude>
    <ClInclude Include="audio\win32\MciPlayer.h">
      <Filter>audio\win32</Filter>
    </ClInclude>
    <ClInclude Include="audio\include\AudioEngine.h">
      <Filter>audio\include</Filter>
    </ClInclude>
    <ClInclude Include="audio\include\Export.h">
      <Filter>audio\include</Filter>
    </ClInclude>
    <ClInclude Include="audio\include\SimpleAudioEngine.h">
      <Filter>audio\include</Filter>
    </ClInclude>
    <ClInclude Include="base\atitc.h">
      <Filter>base</Filter>
    </ClInclude>
    <ClInclude Include="base\base64.h">
      <Filter>base</Filter>
    </ClInclude>
    <ClInclude Include="base\CCAsyncTaskPool.h">
      <Filter>base</Filter>
    </ClInclude>
    <ClInclude Include="base\CCAutoreleasePool.h">
      <Filter>base</Filter>
    </ClInclude>
    <ClInclude Include="base\ccCArray.h">
      <Filter>base</Filter>
    </ClInclude>
    <ClInclude Include="base\ccConfig.h">
      <Filter>base</Filter>
    </ClInclude>
    <ClInclude Include="base\CCConfiguration.h">
      <Filter>base</Filter>
    </ClInclude>
    <ClInclude Include="base\CCConsole.h">
      <Filter>base</Filter>
    </ClInclude>
    <ClInclude Include="base\CCController.h">
      <Filter>base</Filter>
    </ClInclude>
    <ClInclude Include="base\CCData.h">
      <Filter>base</Filter>
    </ClInclude>
    <ClInclude Include="base\CCDataVisitor.h">
      <Filter>base</Filter>
    </ClInclude>
    <ClInclude Include="base\CCDirector.h">
      <Filter>base</Filter>
    </ClInclude>
    <ClInclude Include="base\CCEvent.h">
      <Filter>base</Filter>
    </ClInclude>
    <ClInclude Include="base\CCEventAcceleration.h">
      <Filter>base</Filter>
    </ClInclude>
    <ClInclude Include="base\CCEventController.h">
      <Filter>base</Filter>
    </ClInclude>
    <ClInclude Include="base\CCEventCustom.h">
      <Filter>base</Filter>
    </ClInclude>
    <ClInclude Include="base\CCEventDispatcher.h">
      <Filter>base</Filter>
    </ClInclude>
    <ClInclude Include="base\CCEventFocus.h">
      <Filter>base</Filter>
    </ClInclude>
    <ClInclude Include="base\CCEventKeyboard.h">
      <Filter>base</Filter>
    </ClInclude>
    <ClInclude Include="base\CCEventListener.h">
      <Filter>base</Filter>
    </ClInclude>
    <ClInclude Include="base\CCEventListenerAcceleration.h">
      <Filter>base</Filter>
    </ClInclude>
    <ClInclude Include="base\CCEventListenerController.h">
      <Filter>base</Filter>
    </ClInclude>
    <ClInclude Include="base\CCEventListenerCustom.h">
      <Filter>base</Filter>
    </ClInclude>
    <ClInclude Include="base\CCEventListenerFocus.h">
      <Filter>base</Filter>
    </ClInclude>
    <ClInclude Include="base\CCEventListenerKeyboard.h">
      <Filter>base</Filter>
    </ClInclude>
    <ClInclude Include="base\CCEventListenerMouse.h">
      <Filter>base</Filter>
    </ClInclude>
    <ClInclude Include="base\CCEventListenerTouch.h">
      <Filter>base</Filter>
    </ClInclude>
    <ClInclude Include="base\CCEventMouse.h">
      <Filter>base</Filter>
    </ClInclude>
    <ClInclude Include="base\CCEventTouch.h">
      <Filter>base</Filter>
    </ClInclude>
    <ClInclude Include="base\CCEventType.h">
      <Filter>base</Filter>
    </ClInclude>
    <ClInclude Include="base\ccFPSImages.h">
      <Filter>base</Filter>
    </ClInclude>
    <ClInclude Include="base\CCGameController.h">
      <Filter>base</Filter>
    </ClInclude>
    <ClInclude Include="base\CCIMEDelegate.h">
      <Filter>base</Filter>
    </ClInclude>
    <ClInclude Include="base\CCIMEDispatcher.h">
      <Filter>base</Filter>
    </ClInclude>
    <ClInclude Include="base\ccMacros.h">
      <Filter>base</Filter>
    </ClInclude>
    <ClInclude Include="base\CCMap.h">
      <Filter>base</Filter>
    </ClInclude>
    <ClInclude Include="base\CCNinePatchImageParser.h">
      <Filter>base</Filter>
    </ClInclude>
    <ClInclude Include="base\CCNS.h">
      <Filter>base</Filter>
    </ClInclude>
    <ClInclude Include="base\CCProfiling.h">
      <Filter>base</Filter>
    </ClInclude>
    <ClInclude Include="base\CCProperties.h">
      <Filter>base</Filter>
    </ClInclude>
    <ClInclude Include="base\CCProtocols.h">
      <Filter>base</Filter>
    </ClInclude>
    <ClInclude Include="base\ccRandom.h">
      <Filter>base</Filter>
    </ClInclude>
    <ClInclude Include="base\CCRef.h">
      <Filter>base</Filter>
    </ClInclude>
    <ClInclude Include="base\CCRefPtr.h">
      <Filter>base</Filter>
    </ClInclude>
    <ClInclude Include="base\CCScheduler.h">
      <Filter>base</Filter>
    </ClInclude>
    <ClInclude Include="base\CCScriptSupport.h">
      <Filter>base</Filter>
    </ClInclude>
    <ClInclude Include="base\CCStencilStateManager.hpp">
      <Filter>base</Filter>
    </ClInclude>
    <ClInclude Include="base\CCTouch.h">
      <Filter>base</Filter>
    </ClInclude>
    <ClInclude Include="base\ccTypes.h">
      <Filter>base</Filter>
    </ClInclude>
    <ClInclude Include="base\CCUserDefault.h">
      <Filter>base</Filter>
    </ClInclude>
    <ClInclude Include="base\ccUTF8.h">
      <Filter>base</Filter>
    </ClInclude>
    <ClInclude Include="base\ccUtils.h">
      <Filter>base</Filter>
    </ClInclude>
    <ClInclude Include="base\CCValue.h">
      <Filter>base</Filter>
    </ClInclude>
    <ClInclude Include="base\CCVector.h">
      <Filter>base</Filter>
    </ClInclude>
    <ClInclude Include="base\etc1.h">
      <Filter>base</Filter>
    </ClInclude>
    <ClInclude Include="base\firePngData.h">
      <Filter>base</Filter>
    </ClInclude>
    <ClInclude Include="base\ObjectFactory.h">
      <Filter>base</Filter>
    </ClInclude>
    <ClInclude Include="base\pvr.h">
      <Filter>base</Filter>
    </ClInclude>
    <ClInclude Include="base\s3tc.h">
      <Filter>base</Filter>
    </ClInclude>
    <ClInclude Include="base\TGAlib.h">
      <Filter>base</Filter>
    </ClInclude>
    <ClInclude Include="base\uthash.h">
      <Filter>base</Filter>
    </ClInclude>
    <ClInclude Include="base\utlist.h">
      <Filter>base</Filter>
    </ClInclude>
    <ClInclude Include="base\ZipUtils.h">
      <Filter>base</Filter>
    </ClInclude>
    <ClInclude Include="math\CCAffineTransform.h">
      <Filter>math</Filter>
    </ClInclude>
    <ClInclude Include="math\CCGeometry.h">
      <Filter>math</Filter>
    </ClInclude>
    <ClInclude Include="math\CCMath.h">
      <Filter>math</Filter>
    </ClInclude>
    <ClInclude Include="math\CCMathBase.h">
      <Filter>math</Filter>
    </ClInclude>
    <ClInclude Include="math\CCVertex.h">
      <Filter>math</Filter>
    </ClInclude>
    <ClInclude Include="math\Mat4.h">
      <Filter>math</Filter>
    </ClInclude>
    <ClInclude Include="math\MathUtil.h">
      <Filter>math</Filter>
    </ClInclude>
    <ClInclude Include="math\Quaternion.h">
      <Filter>math</Filter>
    </ClInclude>
    <ClInclude Include="math\TransformUtils.h">
      <Filter>math</Filter>
    </ClInclude>
    <ClInclude Include="math\Vec2.h">
      <Filter>math</Filter>
    </ClInclude>
    <ClInclude Include="math\Vec3.h">
      <Filter>math</Filter>
    </ClInclude>
    <ClInclude Include="math\Vec4.h">
      <Filter>math</Filter>
    </ClInclude>
    <ClInclude Include="navmesh\CCNavMesh.h">
      <Filter>navmesh</Filter>
    </ClInclude>
    <ClInclude Include="navmesh\CCNavMeshAgent.h">
      <Filter>navmesh</Filter>
    </ClInclude>
    <ClInclude Include="navmesh\CCNavMeshDebugDraw.h">
      <Filter>navmesh</Filter>
    </ClInclude>
    <ClInclude Include="navmesh\CCNavMeshObstacle.h">
      <Filter>navmesh</Filter>
    </ClInclude>
    <ClInclude Include="navmesh\CCNavMeshUtils.h">
      <Filter>navmesh</Filter>
    </ClInclude>
    <ClInclude Include="network\CCDownloader.h">
      <Filter>network</Filter>
    </ClInclude>
    <ClInclude Include="network\CCDownloader-curl.h">
      <Filter>network</Filter>
    </ClInclude>
    <ClInclude Include="network\CCIDownloaderImpl.h">
      <Filter>network</Filter>
    </ClInclude>
    <ClInclude Include="network\HttpAsynConnection-apple.h">
      <Filter>network</Filter>
    </ClInclude>
    <ClInclude Include="network\HttpClient.h">
      <Filter>network</Filter>
    </ClInclude>
    <ClInclude Include="network\HttpConnection-winrt.h">
      <Filter>network</Filter>
    </ClInclude>
    <ClInclude Include="network\HttpCookie.h">
      <Filter>network</Filter>
    </ClInclude>
    <ClInclude Include="network\HttpRequest.h">
      <Filter>network</Filter>
    </ClInclude>
    <ClInclude Include="network\HttpResponse.h">
      <Filter>network</Filter>
    </ClInclude>
    <ClInclude Include="network\SocketIO.h">
      <Filter>network</Filter>
    </ClInclude>
    <ClInclude Include="network\WebSocket.h">
      <Filter>network</Filter>
    </ClInclude>
    <ClInclude Include="ui\CocosGUI.h">
      <Filter>ui</Filter>
    </ClInclude>
    <ClInclude Include="ui\GUIDefine.h">
      <Filter>ui</Filter>
    </ClInclude>
    <ClInclude Include="ui\GUIExport.h">
      <Filter>ui</Filter>
    </ClInclude>
    <ClInclude Include="ui\UIAbstractCheckButton.h">
      <Filter>ui</Filter>
    </ClInclude>
    <ClInclude Include="ui\UIButton.h">
      <Filter>ui</Filter>
    </ClInclude>
    <ClInclude Include="ui\UICheckBox.h">
      <Filter>ui</Filter>
    </ClInclude>
    <ClInclude Include="ui\UIDeprecated.h">
      <Filter>ui</Filter>
    </ClInclude>
    <ClInclude Include="ui\UIHBox.h">
      <Filter>ui</Filter>
    </ClInclude>
    <ClInclude Include="ui\UIHelper.h">
      <Filter>ui</Filter>
    </ClInclude>
    <ClInclude Include="ui\UIImageView.h">
      <Filter>ui</Filter>
    </ClInclude>
    <ClInclude Include="ui\UILayout.h">
      <Filter>ui</Filter>
    </ClInclude>
    <ClInclude Include="ui\UILayoutComponent.h">
      <Filter>ui</Filter>
    </ClInclude>
    <ClInclude Include="ui\UILayoutManager.h">
      <Filter>ui</Filter>
    </ClInclude>
    <ClInclude Include="ui\UILayoutParameter.h">
      <Filter>ui</Filter>
    </ClInclude>
    <ClInclude Include="ui\UIListView.h">
      <Filter>ui</Filter>
    </ClInclude>
    <ClInclude Include="ui\UILoadingBar.h">
      <Filter>ui</Filter>
    </ClInclude>
    <ClInclude Include="ui\UIPageView.h">
      <Filter>ui</Filter>
    </ClInclude>
    <ClInclude Include="ui\UIPageViewIndicator.h">
      <Filter>ui</Filter>
    </ClInclude>
    <ClInclude Include="ui\UIRadioButton.h">
      <Filter>ui</Filter>
    </ClInclude>
    <ClInclude Include="ui\UIRelativeBox.h">
      <Filter>ui</Filter>
    </ClInclude>
    <ClInclude Include="ui\UIRichText.h">
      <Filter>ui</Filter>
    </ClInclude>
    <ClInclude Include="ui\UIScale9Sprite.h">
      <Filter>ui</Filter>
    </ClInclude>
    <ClInclude Include="ui\UIScrollView.h">
      <Filter>ui</Filter>
    </ClInclude>
    <ClInclude Include="ui\UIScrollViewBar.h">
      <Filter>ui</Filter>
    </ClInclude>
    <ClInclude Include="ui\UISlider.h">
      <Filter>ui</Filter>
    </ClInclude>
    <ClInclude Include="ui\UIText.h">
      <Filter>ui</Filter>
    </ClInclude>
    <ClInclude Include="ui\UITextAtlas.h">
      <Filter>ui</Filter>
    </ClInclude>
    <ClInclude Include="ui\UITextBMFont.h">
      <Filter>ui</Filter>
    </ClInclude>
    <ClInclude Include="ui\UITextField.h">
      <Filter>ui</Filter>
    </ClInclude>
    <ClInclude Include="ui\UIVBox.h">
      <Filter>ui</Filter>
    </ClInclude>
    <ClInclude Include="ui\UIVideoPlayer.h">
      <Filter>ui</Filter>
    </ClInclude>
    <ClInclude Include="ui\UIWebView.h">
      <Filter>ui</Filter>
    </ClInclude>
    <ClInclude Include="ui\UIWebViewImpl-android.h">
      <Filter>ui</Filter>
    </ClInclude>
    <ClInclude Include="ui\UIWebViewImpl-ios.h">
      <Filter>ui</Filter>
    </ClInclude>
    <ClInclude Include="ui\UIWebView-inl.h">
      <Filter>ui</Filter>
    </ClInclude>
    <ClInclude Include="ui\UIWidget.h">
      <Filter>ui</Filter>
    </ClInclude>
    <ClInclude Include="storage\local-storage\LocalStorage.h">
      <Filter>storage\local-storage</Filter>
    </ClInclude>
    <ClInclude Include="renderer\CCBatchCommand.h">
      <Filter>renderer</Filter>
    </ClInclude>
    <ClInclude Include="renderer\CCCustomCommand.h">
      <Filter>renderer</Filter>
    </ClInclude>
    <ClInclude Include="renderer\CCFrameBuffer.h">
      <Filter>renderer</Filter>
    </ClInclude>
    <ClInclude Include="renderer\CCGLProgram.h">
      <Filter>renderer</Filter>
    </ClInclude>
    <ClInclude Include="renderer\CCGLProgramCache.h">
      <Filter>renderer</Filter>
    </ClInclude>
    <ClInclude Include="renderer\CCGLProgramState.h">
      <Filter>renderer</Filter>
    </ClInclude>
    <ClInclude Include="renderer\CCGLProgramStateCache.h">
      <Filter>renderer</Filter>
    </ClInclude>
    <ClInclude Include="renderer\ccGLStateCache.h">
      <Filter>renderer</Filter>
    </ClInclude>
    <ClInclude Include="renderer\CCGroupCommand.h">
      <Filter>renderer</Filter>
    </ClInclude>
    <ClInclude Include="renderer\CCMaterial.h">
      <Filter>renderer</Filter>
    </ClInclude>
    <ClInclude Include="renderer\CCMeshCommand.h">
      <Filter>renderer</Filter>
    </ClInclude>
    <ClInclude Include="renderer\CCPass.h">
      <Filter>renderer</Filter>
    </ClInclude>
    <ClInclude Include="renderer\CCPrimitive.h">
      <Filter>renderer</Filter>
    </ClInclude>
    <ClInclude Include="renderer\CCPrimitiveCommand.h">
      <Filter>renderer</Filter>
    </ClInclude>
    <ClInclude Include="renderer\CCQuadCommand.h">
      <Filter>renderer</Filter>
    </ClInclude>
    <ClInclude Include="renderer\CCRenderCommand.h">
      <Filter>renderer</Filter>
    </ClInclude>
    <ClInclude Include="renderer\CCRenderCommandPool.h">
      <Filter>renderer</Filter>
    </ClInclude>
    <ClInclude Include="renderer\CCRenderer.h">
      <Filter>renderer</Filter>
    </ClInclude>
    <ClInclude Include="renderer\CCRenderState.h">
      <Filter>renderer</Filter>
    </ClInclude>
    <ClInclude Include="renderer\ccShaders.h">
      <Filter>renderer</Filter>
    </ClInclude>
    <ClInclude Include="renderer\CCTechnique.h">
      <Filter>renderer</Filter>
    </ClInclude>
    <ClInclude Include="renderer\CCTexture2D.h">
      <Filter>renderer</Filter>
    </ClInclude>
    <ClInclude Include="renderer\CCTextureAtlas.h">
      <Filter>renderer</Filter>
    </ClInclude>
    <ClInclude Include="renderer\CCTextureCache.h">
      <Filter>renderer</Filter>
    </ClInclude>
    <ClInclude Include="renderer\CCTextureCube.h">
      <Filter>renderer</Filter>
    </ClInclude>
    <ClInclude Include="renderer\CCTrianglesCommand.h">
      <Filter>renderer</Filter>
    </ClInclude>
    <ClInclude Include="renderer\CCVertexAttribBinding.h">
      <Filter>renderer</Filter>
    </ClInclude>
    <ClInclude Include="renderer\CCVertexIndexBuffer.h">
      <Filter>renderer</Filter>
    </ClInclude>
    <ClInclude Include="renderer\CCVertexIndexData.h">
      <Filter>renderer</Filter>
    </ClInclude>
    <ClInclude Include="physics3d\CCPhysics3D.h">
      <Filter>physics3d</Filter>
    </ClInclude>
    <ClInclude Include="physics3d\CCPhysics3DComponent.h">
      <Filter>physics3d</Filter>
    </ClInclude>
    <ClInclude Include="physics3d\CCPhysics3DConstraint.h">
      <Filter>physics3d</Filter>
    </ClInclude>
    <ClInclude Include="physics3d\CCPhysics3DDebugDrawer.h">
      <Filter>physics3d</Filter>
    </ClInclude>
    <ClInclude Include="physics3d\CCPhysics3DObject.h">
      <Filter>physics3d</Filter>
    </ClInclude>
    <ClInclude Include="physics3d\CCPhysics3DShape.h">
      <Filter>physics3d</Filter>
    </ClInclude>
    <ClInclude Include="physics3d\CCPhysics3DWorld.h">
      <Filter>physics3d</Filter>
    </ClInclude>
    <ClInclude Include="physics3d\CCPhysicsSprite3D.h">
      <Filter>physics3d</Filter>
    </ClInclude>
    <ClInclude Include="physics\CCPhysicsBody.h">
      <Filter>physics</Filter>
    </ClInclude>
    <ClInclude Include="physics\CCPhysicsContact.h">
      <Filter>physics</Filter>
    </ClInclude>
    <ClInclude Include="physics\CCPhysicsHelper.h">
      <Filter>physics</Filter>
    </ClInclude>
    <ClInclude Include="physics\CCPhysicsJoint.h">
      <Filter>physics</Filter>
    </ClInclude>
    <ClInclude Include="physics\CCPhysicsShape.h">
      <Filter>physics</Filter>
    </ClInclude>
    <ClInclude Include="physics\CCPhysicsWorld.h">
      <Filter>physics</Filter>
    </ClInclude>
  </ItemGroup>
  <ItemGroup>
    <ClCompile Include="platform\CCFileUtils.cpp">
      <Filter>platform</Filter>
    </ClCompile>
    <ClCompile Include="platform\CCGLView.cpp">
      <Filter>platform</Filter>
    </ClCompile>
    <ClCompile Include="platform\CCImage.cpp">
      <Filter>platform</Filter>
    </ClCompile>
    <ClCompile Include="platform\CCSAXParser.cpp">
      <Filter>platform</Filter>
    </ClCompile>
    <ClCompile Include="platform\CCThread.cpp">
      <Filter>platform</Filter>
    </ClCompile>
    <ClCompile Include="cocos2d.cpp" />
    <ClCompile Include="2d\CCAction.cpp">
      <Filter>2d</Filter>
    </ClCompile>
    <ClCompile Include="2d\CCActionCamera.cpp">
      <Filter>2d</Filter>
    </ClCompile>
    <ClCompile Include="2d\CCActionCatmullRom.cpp">
      <Filter>2d</Filter>
    </ClCompile>
    <ClCompile Include="2d\CCActionEase.cpp">
      <Filter>2d</Filter>
    </ClCompile>
    <ClCompile Include="2d\CCActionGrid.cpp">
      <Filter>2d</Filter>
    </ClCompile>
    <ClCompile Include="2d\CCActionGrid3D.cpp">
      <Filter>2d</Filter>
    </ClCompile>
    <ClCompile Include="2d\CCActionInstant.cpp">
      <Filter>2d</Filter>
    </ClCompile>
    <ClCompile Include="2d\CCActionInterval.cpp">
      <Filter>2d</Filter>
    </ClCompile>
    <ClCompile Include="2d\CCActionManager.cpp">
      <Filter>2d</Filter>
    </ClCompile>
    <ClCompile Include="2d\CCActionPageTurn3D.cpp">
      <Filter>2d</Filter>
    </ClCompile>
    <ClCompile Include="2d\CCActionProgressTimer.cpp">
      <Filter>2d</Filter>
    </ClCompile>
    <ClCompile Include="2d\CCActionTiledGrid.cpp">
      <Filter>2d</Filter>
    </ClCompile>
    <ClCompile Include="2d\CCActionTween.cpp">
      <Filter>2d</Filter>
    </ClCompile>
    <ClCompile Include="2d\CCAnimation.cpp">
      <Filter>2d</Filter>
    </ClCompile>
    <ClCompile Include="2d\CCAnimationCache.cpp">
      <Filter>2d</Filter>
    </ClCompile>
    <ClCompile Include="2d\CCAtlasNode.cpp">
      <Filter>2d</Filter>
    </ClCompile>
    <ClCompile Include="2d\CCAutoPolygon.cpp">
      <Filter>2d</Filter>
    </ClCompile>
    <ClCompile Include="2d\CCCamera.cpp">
      <Filter>2d</Filter>
    </ClCompile>
    <ClCompile Include="2d\CCCameraBackgroundBrush.cpp">
      <Filter>2d</Filter>
    </ClCompile>
    <ClCompile Include="2d\CCClippingNode.cpp">
      <Filter>2d</Filter>
    </ClCompile>
    <ClCompile Include="2d\CCClippingRectangleNode.cpp">
      <Filter>2d</Filter>
    </ClCompile>
    <ClCompile Include="2d\CCComponent.cpp">
      <Filter>2d</Filter>
    </ClCompile>
    <ClCompile Include="2d\CCComponentContainer.cpp">
      <Filter>2d</Filter>
    </ClCompile>
    <ClCompile Include="2d\CCDrawingPrimitives.cpp">
      <Filter>2d</Filter>
    </ClCompile>
    <ClCompile Include="2d\CCDrawNode.cpp">
      <Filter>2d</Filter>
    </ClCompile>
    <ClCompile Include="2d\CCFastTMXLayer.cpp">
      <Filter>2d</Filter>
    </ClCompile>
    <ClCompile Include="2d\CCFastTMXTiledMap.cpp">
      <Filter>2d</Filter>
    </ClCompile>
    <ClCompile Include="2d\CCFont.cpp">
      <Filter>2d</Filter>
    </ClCompile>
    <ClCompile Include="2d\CCFontAtlas.cpp">
      <Filter>2d</Filter>
    </ClCompile>
    <ClCompile Include="2d\CCFontAtlasCache.cpp">
      <Filter>2d</Filter>
    </ClCompile>
    <ClCompile Include="2d\CCFontCharMap.cpp">
      <Filter>2d</Filter>
    </ClCompile>
    <ClCompile Include="2d\CCFontFNT.cpp">
      <Filter>2d</Filter>
    </ClCompile>
    <ClCompile Include="2d\CCFontFreeType.cpp">
      <Filter>2d</Filter>
    </ClCompile>
    <ClCompile Include="2d\CCGLBufferedNode.cpp">
      <Filter>2d</Filter>
    </ClCompile>
    <ClCompile Include="2d\CCGrabber.cpp">
      <Filter>2d</Filter>
    </ClCompile>
    <ClCompile Include="2d\CCGrid.cpp">
      <Filter>2d</Filter>
    </ClCompile>
    <ClCompile Include="2d\CCLabel.cpp">
      <Filter>2d</Filter>
    </ClCompile>
    <ClCompile Include="2d\CCLabelAtlas.cpp">
      <Filter>2d</Filter>
    </ClCompile>
    <ClCompile Include="2d\CCLabelBMFont.cpp">
      <Filter>2d</Filter>
    </ClCompile>
    <ClCompile Include="2d\CCLabelTextFormatter.cpp">
      <Filter>2d</Filter>
    </ClCompile>
    <ClCompile Include="2d\CCLabelTTF.cpp">
      <Filter>2d</Filter>
    </ClCompile>
    <ClCompile Include="2d\CCLayer.cpp">
      <Filter>2d</Filter>
    </ClCompile>
    <ClCompile Include="2d\CCLight.cpp">
      <Filter>2d</Filter>
    </ClCompile>
    <ClCompile Include="2d\CCMenu.cpp">
      <Filter>2d</Filter>
    </ClCompile>
    <ClCompile Include="2d\CCMenuItem.cpp">
      <Filter>2d</Filter>
    </ClCompile>
    <ClCompile Include="2d\CCMotionStreak.cpp">
      <Filter>2d</Filter>
    </ClCompile>
    <ClCompile Include="2d\CCNode.cpp">
      <Filter>2d</Filter>
    </ClCompile>
    <ClCompile Include="2d\CCNodeGrid.cpp">
      <Filter>2d</Filter>
    </ClCompile>
    <ClCompile Include="2d\CCParallaxNode.cpp">
      <Filter>2d</Filter>
    </ClCompile>
    <ClCompile Include="2d\CCParticleBatchNode.cpp">
      <Filter>2d</Filter>
    </ClCompile>
    <ClCompile Include="2d\CCParticleExamples.cpp">
      <Filter>2d</Filter>
    </ClCompile>
    <ClCompile Include="2d\CCParticleSystem.cpp">
      <Filter>2d</Filter>
    </ClCompile>
    <ClCompile Include="2d\CCParticleSystemQuad.cpp">
      <Filter>2d</Filter>
    </ClCompile>
    <ClCompile Include="2d\CCProgressTimer.cpp">
      <Filter>2d</Filter>
    </ClCompile>
    <ClCompile Include="2d\CCProtectedNode.cpp">
      <Filter>2d</Filter>
    </ClCompile>
    <ClCompile Include="2d\CCRenderTexture.cpp">
      <Filter>2d</Filter>
    </ClCompile>
    <ClCompile Include="2d\CCScene.cpp">
      <Filter>2d</Filter>
    </ClCompile>
    <ClCompile Include="2d\CCSprite.cpp">
      <Filter>2d</Filter>
    </ClCompile>
    <ClCompile Include="2d\CCSpriteBatchNode.cpp">
      <Filter>2d</Filter>
    </ClCompile>
    <ClCompile Include="2d\CCSpriteFrame.cpp">
      <Filter>2d</Filter>
    </ClCompile>
    <ClCompile Include="2d\CCSpriteFrameCache.cpp">
      <Filter>2d</Filter>
    </ClCompile>
    <ClCompile Include="2d\CCTextFieldTTF.cpp">
      <Filter>2d</Filter>
    </ClCompile>
    <ClCompile Include="2d\CCTileMapAtlas.cpp">
      <Filter>2d</Filter>
    </ClCompile>
    <ClCompile Include="2d\CCTMXLayer.cpp">
      <Filter>2d</Filter>
    </ClCompile>
    <ClCompile Include="2d\CCTMXObjectGroup.cpp">
      <Filter>2d</Filter>
    </ClCompile>
    <ClCompile Include="2d\CCTMXTiledMap.cpp">
      <Filter>2d</Filter>
    </ClCompile>
    <ClCompile Include="2d\CCTMXXMLParser.cpp">
      <Filter>2d</Filter>
    </ClCompile>
    <ClCompile Include="2d\CCTransition.cpp">
      <Filter>2d</Filter>
    </ClCompile>
    <ClCompile Include="2d\CCTransitionPageTurn.cpp">
      <Filter>2d</Filter>
    </ClCompile>
    <ClCompile Include="2d\CCTransitionProgress.cpp">
      <Filter>2d</Filter>
    </ClCompile>
    <ClCompile Include="2d\CCTweenFunction.cpp">
      <Filter>2d</Filter>
    </ClCompile>
    <ClCompile Include="audio\AudioEngine.cpp">
      <Filter>audio</Filter>
    </ClCompile>
    <ClCompile Include="audio\win32\AudioCache.cpp">
      <Filter>audio\win32</Filter>
    </ClCompile>
    <ClCompile Include="audio\win32\AudioEngine-win32.cpp">
      <Filter>audio\win32</Filter>
    </ClCompile>
    <ClCompile Include="audio\win32\AudioPlayer.cpp">
      <Filter>audio\win32</Filter>
    </ClCompile>
    <ClCompile Include="audio\win32\MciPlayer.cpp">
      <Filter>audio\win32</Filter>
    </ClCompile>
    <ClCompile Include="audio\win32\SimpleAudioEngine.cpp">
      <Filter>audio\win32</Filter>
    </ClCompile>
    <ClCompile Include="base\atitc.cpp">
      <Filter>base</Filter>
    </ClCompile>
    <ClCompile Include="base\base64.cpp">
      <Filter>base</Filter>
    </ClCompile>
    <ClCompile Include="base\CCAsyncTaskPool.cpp">
      <Filter>base</Filter>
    </ClCompile>
    <ClCompile Include="base\CCAutoreleasePool.cpp">
      <Filter>base</Filter>
    </ClCompile>
    <ClCompile Include="base\ccCArray.cpp">
      <Filter>base</Filter>
    </ClCompile>
    <ClCompile Include="base\CCConfiguration.cpp">
      <Filter>base</Filter>
    </ClCompile>
    <ClCompile Include="base\CCConsole.cpp">
      <Filter>base</Filter>
    </ClCompile>
    <ClCompile Include="base\CCController.cpp">
      <Filter>base</Filter>
    </ClCompile>
    <ClCompile Include="base\CCController-android.cpp">
      <Filter>base</Filter>
    </ClCompile>
    <ClCompile Include="base\CCData.cpp">
      <Filter>base</Filter>
    </ClCompile>
    <ClCompile Include="base\CCDataVisitor.cpp">
      <Filter>base</Filter>
    </ClCompile>
    <ClCompile Include="base\CCDirector.cpp">
      <Filter>base</Filter>
    </ClCompile>
    <ClCompile Include="base\CCEvent.cpp">
      <Filter>base</Filter>
    </ClCompile>
    <ClCompile Include="base\CCEventAcceleration.cpp">
      <Filter>base</Filter>
    </ClCompile>
    <ClCompile Include="base\CCEventController.cpp">
      <Filter>base</Filter>
    </ClCompile>
    <ClCompile Include="base\CCEventCustom.cpp">
      <Filter>base</Filter>
    </ClCompile>
    <ClCompile Include="base\CCEventDispatcher.cpp">
      <Filter>base</Filter>
    </ClCompile>
    <ClCompile Include="base\CCEventFocus.cpp">
      <Filter>base</Filter>
    </ClCompile>
    <ClCompile Include="base\CCEventKeyboard.cpp">
      <Filter>base</Filter>
    </ClCompile>
    <ClCompile Include="base\CCEventListener.cpp">
      <Filter>base</Filter>
    </ClCompile>
    <ClCompile Include="base\CCEventListenerAcceleration.cpp">
      <Filter>base</Filter>
    </ClCompile>
    <ClCompile Include="base\CCEventListenerController.cpp">
      <Filter>base</Filter>
    </ClCompile>
    <ClCompile Include="base\CCEventListenerCustom.cpp">
      <Filter>base</Filter>
    </ClCompile>
    <ClCompile Include="base\CCEventListenerFocus.cpp">
      <Filter>base</Filter>
    </ClCompile>
    <ClCompile Include="base\CCEventListenerKeyboard.cpp">
      <Filter>base</Filter>
    </ClCompile>
    <ClCompile Include="base\CCEventListenerMouse.cpp">
      <Filter>base</Filter>
    </ClCompile>
    <ClCompile Include="base\CCEventListenerTouch.cpp">
      <Filter>base</Filter>
    </ClCompile>
    <ClCompile Include="base\CCEventMouse.cpp">
      <Filter>base</Filter>
    </ClCompile>
    <ClCompile Include="base\CCEventTouch.cpp">
      <Filter>base</Filter>
    </ClCompile>
    <ClCompile Include="base\ccFPSImages.c">
      <Filter>base</Filter>
    </ClCompile>
    <ClCompile Include="base\CCIMEDispatcher.cpp">
      <Filter>base</Filter>
    </ClCompile>
    <ClCompile Include="base\CCNinePatchImageParser.cpp">
      <Filter>base</Filter>
    </ClCompile>
    <ClCompile Include="base\CCNS.cpp">
      <Filter>base</Filter>
    </ClCompile>
    <ClCompile Include="base\CCProfiling.cpp">
      <Filter>base</Filter>
    </ClCompile>
    <ClCompile Include="base\CCProperties.cpp">
      <Filter>base</Filter>
    </ClCompile>
    <ClCompile Include="base\ccRandom.cpp">
      <Filter>base</Filter>
    </ClCompile>
    <ClCompile Include="base\CCRef.cpp">
      <Filter>base</Filter>
    </ClCompile>
    <ClCompile Include="base\CCScheduler.cpp">
      <Filter>base</Filter>
    </ClCompile>
    <ClCompile Include="base\CCScriptSupport.cpp">
      <Filter>base</Filter>
    </ClCompile>
    <ClCompile Include="base\CCStencilStateManager.cpp">
      <Filter>base</Filter>
    </ClCompile>
    <ClCompile Include="base\CCTouch.cpp">
      <Filter>base</Filter>
    </ClCompile>
    <ClCompile Include="base\ccTypes.cpp">
      <Filter>base</Filter>
    </ClCompile>
    <ClCompile Include="base\CCUserDefault.cpp">
      <Filter>base</Filter>
    </ClCompile>
    <ClCompile Include="base\CCUserDefault-android.cpp">
      <Filter>base</Filter>
    </ClCompile>
    <ClCompile Include="base\CCUserDefault-winrt.cpp">
      <Filter>base</Filter>
    </ClCompile>
    <ClCompile Include="base\ccUTF8.cpp">
      <Filter>base</Filter>
    </ClCompile>
    <ClCompile Include="base\ccUtils.cpp">
      <Filter>base</Filter>
    </ClCompile>
    <ClCompile Include="base\CCValue.cpp">
      <Filter>base</Filter>
    </ClCompile>
    <ClCompile Include="base\etc1.cpp">
      <Filter>base</Filter>
    </ClCompile>
    <ClCompile Include="base\ObjectFactory.cpp">
      <Filter>base</Filter>
    </ClCompile>
    <ClCompile Include="base\pvr.cpp">
      <Filter>base</Filter>
    </ClCompile>
    <ClCompile Include="base\s3tc.cpp">
      <Filter>base</Filter>
    </ClCompile>
    <ClCompile Include="base\TGAlib.cpp">
      <Filter>base</Filter>
    </ClCompile>
    <ClCompile Include="base\ZipUtils.cpp">
      <Filter>base</Filter>
    </ClCompile>
    <ClCompile Include="math\CCAffineTransform.cpp">
      <Filter>math</Filter>
    </ClCompile>
    <ClCompile Include="math\CCGeometry.cpp">
      <Filter>math</Filter>
    </ClCompile>
    <ClCompile Include="math\CCVertex.cpp">
      <Filter>math</Filter>
    </ClCompile>
    <ClCompile Include="math\Mat4.cpp">
      <Filter>math</Filter>
    </ClCompile>
    <ClCompile Include="math\MathUtil.cpp">
      <Filter>math</Filter>
    </ClCompile>
    <ClCompile Include="math\Quaternion.cpp">
      <Filter>math</Filter>
    </ClCompile>
    <ClCompile Include="math\TransformUtils.cpp">
      <Filter>math</Filter>
    </ClCompile>
    <ClCompile Include="math\Vec2.cpp">
      <Filter>math</Filter>
    </ClCompile>
    <ClCompile Include="math\Vec3.cpp">
      <Filter>math</Filter>
    </ClCompile>
    <ClCompile Include="math\Vec4.cpp">
      <Filter>math</Filter>
    </ClCompile>
    <ClCompile Include="navmesh\CCNavMesh.cpp">
      <Filter>navmesh</Filter>
    </ClCompile>
    <ClCompile Include="navmesh\CCNavMeshAgent.cpp">
      <Filter>navmesh</Filter>
    </ClCompile>
    <ClCompile Include="navmesh\CCNavMeshDebugDraw.cpp">
      <Filter>navmesh</Filter>
    </ClCompile>
    <ClCompile Include="navmesh\CCNavMeshObstacle.cpp">
      <Filter>navmesh</Filter>
    </ClCompile>
    <ClCompile Include="navmesh\CCNavMeshUtils.cpp">
      <Filter>navmesh</Filter>
    </ClCompile>
    <ClCompile Include="network\CCDownloader.cpp">
      <Filter>network</Filter>
    </ClCompile>
    <ClCompile Include="network\CCDownloader-curl.cpp">
      <Filter>network</Filter>
    </ClCompile>
    <ClCompile Include="network\HttpClient.cpp">
      <Filter>network</Filter>
    </ClCompile>
    <ClCompile Include="network\HttpClient-android.cpp">
      <Filter>network</Filter>
    </ClCompile>
    <ClCompile Include="network\HttpClient-winrt.cpp">
      <Filter>network</Filter>
    </ClCompile>
    <ClCompile Include="network\HttpConnection-winrt.cpp">
      <Filter>network</Filter>
    </ClCompile>
    <ClCompile Include="network\HttpCookie.cpp">
      <Filter>network</Filter>
    </ClCompile>
    <ClCompile Include="network\SocketIO.cpp">
      <Filter>network</Filter>
    </ClCompile>
    <ClCompile Include="network\WebSocket.cpp">
      <Filter>network</Filter>
    </ClCompile>
    <ClCompile Include="ui\CocosGUI.cpp">
      <Filter>ui</Filter>
    </ClCompile>
    <ClCompile Include="ui\UIAbstractCheckButton.cpp">
      <Filter>ui</Filter>
    </ClCompile>
    <ClCompile Include="ui\UIButton.cpp">
      <Filter>ui</Filter>
    </ClCompile>
    <ClCompile Include="ui\UICheckBox.cpp">
      <Filter>ui</Filter>
    </ClCompile>
    <ClCompile Include="ui\UIDeprecated.cpp">
      <Filter>ui</Filter>
    </ClCompile>
    <ClCompile Include="ui\UIHBox.cpp">
      <Filter>ui</Filter>
    </ClCompile>
    <ClCompile Include="ui\UIHelper.cpp">
      <Filter>ui</Filter>
    </ClCompile>
    <ClCompile Include="ui\UIImageView.cpp">
      <Filter>ui</Filter>
    </ClCompile>
    <ClCompile Include="ui\UILayout.cpp">
      <Filter>ui</Filter>
    </ClCompile>
    <ClCompile Include="ui\UILayoutComponent.cpp">
      <Filter>ui</Filter>
    </ClCompile>
    <ClCompile Include="ui\UILayoutManager.cpp">
      <Filter>ui</Filter>
    </ClCompile>
    <ClCompile Include="ui\UILayoutParameter.cpp">
      <Filter>ui</Filter>
    </ClCompile>
    <ClCompile Include="ui\UIListView.cpp">
      <Filter>ui</Filter>
    </ClCompile>
    <ClCompile Include="ui\UILoadingBar.cpp">
      <Filter>ui</Filter>
    </ClCompile>
    <ClCompile Include="ui\UIPageView.cpp">
      <Filter>ui</Filter>
    </ClCompile>
    <ClCompile Include="ui\UIPageViewIndicator.cpp">
      <Filter>ui</Filter>
    </ClCompile>
    <ClCompile Include="ui\UIRadioButton.cpp">
      <Filter>ui</Filter>
    </ClCompile>
    <ClCompile Include="ui\UIRelativeBox.cpp">
      <Filter>ui</Filter>
    </ClCompile>
    <ClCompile Include="ui\UIRichText.cpp">
      <Filter>ui</Filter>
    </ClCompile>
    <ClCompile Include="ui\UIScale9Sprite.cpp">
      <Filter>ui</Filter>
    </ClCompile>
    <ClCompile Include="ui\UIScrollView.cpp">
      <Filter>ui</Filter>
    </ClCompile>
    <ClCompile Include="ui\UIScrollViewBar.cpp">
      <Filter>ui</Filter>
    </ClCompile>
    <ClCompile Include="ui\UISlider.cpp">
      <Filter>ui</Filter>
    </ClCompile>
    <ClCompile Include="ui\UIText.cpp">
      <Filter>ui</Filter>
    </ClCompile>
    <ClCompile Include="ui\UITextAtlas.cpp">
      <Filter>ui</Filter>
    </ClCompile>
    <ClCompile Include="ui\UITextBMFont.cpp">
      <Filter>ui</Filter>
    </ClCompile>
    <ClCompile Include="ui\UITextField.cpp">
      <Filter>ui</Filter>
    </ClCompile>
    <ClCompile Include="ui\UIVBox.cpp">
      <Filter>ui</Filter>
    </ClCompile>
    <ClCompile Include="ui\UIVideoPlayer-android.cpp">
      <Filter>ui</Filter>
    </ClCompile>
    <ClCompile Include="ui\UIWebView.cpp">
      <Filter>ui</Filter>
    </ClCompile>
    <ClCompile Include="ui\UIWebViewImpl-android.cpp">
      <Filter>ui</Filter>
    </ClCompile>
    <ClCompile Include="ui\UIWidget.cpp">
      <Filter>ui</Filter>
    </ClCompile>
    <ClCompile Include="storage\local-storage\LocalStorage.cpp">
      <Filter>storage\local-storage</Filter>
    </ClCompile>
    <ClCompile Include="storage\local-storage\LocalStorage-android.cpp">
      <Filter>storage\local-storage</Filter>
    </ClCompile>
    <ClCompile Include="renderer\CCBatchCommand.cpp">
      <Filter>renderer</Filter>
    </ClCompile>
    <ClCompile Include="renderer\CCCustomCommand.cpp">
      <Filter>renderer</Filter>
    </ClCompile>
    <ClCompile Include="renderer\CCFrameBuffer.cpp">
      <Filter>renderer</Filter>
    </ClCompile>
    <ClCompile Include="renderer\CCGLProgram.cpp">
      <Filter>renderer</Filter>
    </ClCompile>
    <ClCompile Include="renderer\CCGLProgramCache.cpp">
      <Filter>renderer</Filter>
    </ClCompile>
    <ClCompile Include="renderer\CCGLProgramState.cpp">
      <Filter>renderer</Filter>
    </ClCompile>
    <ClCompile Include="renderer\CCGLProgramStateCache.cpp">
      <Filter>renderer</Filter>
    </ClCompile>
    <ClCompile Include="renderer\ccGLStateCache.cpp">
      <Filter>renderer</Filter>
    </ClCompile>
    <ClCompile Include="renderer\CCGroupCommand.cpp">
      <Filter>renderer</Filter>
    </ClCompile>
    <ClCompile Include="renderer\CCMaterial.cpp">
      <Filter>renderer</Filter>
    </ClCompile>
    <ClCompile Include="renderer\CCMeshCommand.cpp">
      <Filter>renderer</Filter>
    </ClCompile>
    <ClCompile Include="renderer\CCPass.cpp">
      <Filter>renderer</Filter>
    </ClCompile>
    <ClCompile Include="renderer\CCPrimitive.cpp">
      <Filter>renderer</Filter>
    </ClCompile>
    <ClCompile Include="renderer\CCPrimitiveCommand.cpp">
      <Filter>renderer</Filter>
    </ClCompile>
    <ClCompile Include="renderer\CCQuadCommand.cpp">
      <Filter>renderer</Filter>
    </ClCompile>
    <ClCompile Include="renderer\CCRenderCommand.cpp">
      <Filter>renderer</Filter>
    </ClCompile>
    <ClCompile Include="renderer\CCRenderer.cpp">
      <Filter>renderer</Filter>
    </ClCompile>
    <ClCompile Include="renderer\CCRenderState.cpp">
      <Filter>renderer</Filter>
    </ClCompile>
    <ClCompile Include="renderer\ccShaders.cpp">
      <Filter>renderer</Filter>
    </ClCompile>
    <ClCompile Include="renderer\CCTechnique.cpp">
      <Filter>renderer</Filter>
    </ClCompile>
    <ClCompile Include="renderer\CCTexture2D.cpp">
      <Filter>renderer</Filter>
    </ClCompile>
    <ClCompile Include="renderer\CCTextureAtlas.cpp">
      <Filter>renderer</Filter>
    </ClCompile>
    <ClCompile Include="renderer\CCTextureCache.cpp">
      <Filter>renderer</Filter>
    </ClCompile>
    <ClCompile Include="renderer\CCTextureCube.cpp">
      <Filter>renderer</Filter>
    </ClCompile>
    <ClCompile Include="renderer\CCTrianglesCommand.cpp">
      <Filter>renderer</Filter>
    </ClCompile>
    <ClCompile Include="renderer\CCVertexAttribBinding.cpp">
      <Filter>renderer</Filter>
    </ClCompile>
    <ClCompile Include="renderer\CCVertexIndexBuffer.cpp">
      <Filter>renderer</Filter>
    </ClCompile>
    <ClCompile Include="renderer\CCVertexIndexData.cpp">
      <Filter>renderer</Filter>
    </ClCompile>
    <ClCompile Include="physics3d\CCPhysics3D.cpp">
      <Filter>physics3d</Filter>
    </ClCompile>
    <ClCompile Include="physics3d\CCPhysics3DComponent.cpp">
      <Filter>physics3d</Filter>
    </ClCompile>
    <ClCompile Include="physics3d\CCPhysics3DConstraint.cpp">
      <Filter>physics3d</Filter>
    </ClCompile>
    <ClCompile Include="physics3d\CCPhysics3DDebugDrawer.cpp">
      <Filter>physics3d</Filter>
    </ClCompile>
    <ClCompile Include="physics3d\CCPhysics3DObject.cpp">
      <Filter>physics3d</Filter>
    </ClCompile>
    <ClCompile Include="physics3d\CCPhysics3DShape.cpp">
      <Filter>physics3d</Filter>
    </ClCompile>
    <ClCompile Include="physics3d\CCPhysics3DWorld.cpp">
      <Filter>physics3d</Filter>
    </ClCompile>
    <ClCompile Include="physics3d\CCPhysicsSprite3D.cpp">
      <Filter>physics3d</Filter>
    </ClCompile>
    <ClCompile Include="physics\CCPhysicsBody.cpp">
      <Filter>physics</Filter>
    </ClCompile>
    <ClCompile Include="physics\CCPhysicsContact.cpp">
      <Filter>physics</Filter>
    </ClCompile>
    <ClCompile Include="physics\CCPhysicsJoint.cpp">
      <Filter>physics</Filter>
    </ClCompile>
    <ClCompile Include="physics\CCPhysicsShape.cpp">
      <Filter>physics</Filter>
    </ClCompile>
    <ClCompile Include="physics\CCPhysicsWorld.cpp">
      <Filter>physics</Filter>
    </ClCompile>
  </ItemGroup>
  <ItemGroup>
    <Text Include="ZalojChanges.txt" />
  </ItemGroup>
  <ItemGroup>
    <None Include="2d\cocos2d.def">
      <Filter>2d</Filter>
    </None>
    <None Include="base\CCController-iOS.mm">
      <Filter>base</Filter>
    </None>
    <None Include="base\CCUserDefault-apple.mm">
      <Filter>base</Filter>
    </None>
    <None Include="math\Mat4.inl">
      <Filter>math</Filter>
    </None>
    <None Include="math\MathUtil.inl">
      <Filter>math</Filter>
    </None>
    <None Include="math\MathUtilNeon.inl">
      <Filter>math</Filter>
    </None>
    <None Include="math\MathUtilNeon64.inl">
      <Filter>math</Filter>
    </None>
    <None Include="math\MathUtilSSE.inl">
      <Filter>math</Filter>
    </None>
    <None Include="math\Quaternion.inl">
      <Filter>math</Filter>
    </None>
    <None Include="math\Vec2.inl">
      <Filter>math</Filter>
    </None>
    <None Include="math\Vec3.inl">
      <Filter>math</Filter>
    </None>
    <None Include="math\Vec4.inl">
      <Filter>math</Filter>
    </None>
    <None Include="network\HttpAsynConnection-apple.m">
      <Filter>network</Filter>
    </None>
    <None Include="network\HttpClient-apple.mm">
      <Filter>network</Filter>
    </None>
    <None Include="ui\UIVideoPlayer-ios.mm">
      <Filter>ui</Filter>
    </None>
    <None Include="ui\UIWebView.mm">
      <Filter>ui</Filter>
    </None>
    <None Include="ui\UIWebViewImpl-ios.mm">
      <Filter>ui</Filter>
    </None>
    <None Include="renderer\ccShader_3D_Color.frag">
      <Filter>renderer</Filter>
    </None>
    <None Include="renderer\ccShader_3D_ColorNormal.frag">
      <Filter>renderer</Filter>
    </None>
    <None Include="renderer\ccShader_3D_ColorNormalTex.frag">
      <Filter>renderer</Filter>
    </None>
    <None Include="renderer\ccShader_3D_ColorTex.frag">
      <Filter>renderer</Filter>
    </None>
    <None Include="renderer\ccShader_3D_Particle.frag">
      <Filter>renderer</Filter>
    </None>
    <None Include="renderer\ccShader_3D_Particle.vert">
      <Filter>renderer</Filter>
    </None>
    <None Include="renderer\ccShader_3D_PositionNormalTex.vert">
      <Filter>renderer</Filter>
    </None>
    <None Include="renderer\ccShader_3D_PositionTex.vert">
      <Filter>renderer</Filter>
    </None>
    <None Include="renderer\ccShader_3D_Skybox.frag">
      <Filter>renderer</Filter>
    </None>
    <None Include="renderer\ccShader_3D_Skybox.vert">
      <Filter>renderer</Filter>
    </None>
    <None Include="renderer\ccShader_3D_Terrain.frag">
      <Filter>renderer</Filter>
    </None>
    <None Include="renderer\ccShader_3D_Terrain.vert">
      <Filter>renderer</Filter>
    </None>
    <None Include="renderer\ccShader_CameraClear.frag">
      <Filter>renderer</Filter>
    </None>
    <None Include="renderer\ccShader_CameraClear.vert">
      <Filter>renderer</Filter>
    </None>
    <None Include="renderer\ccShader_Label.vert">
      <Filter>renderer</Filter>
    </None>
    <None Include="renderer\ccShader_Label_df.frag">
      <Filter>renderer</Filter>
    </None>
    <None Include="renderer\ccShader_Label_df_glow.frag">
      <Filter>renderer</Filter>
    </None>
    <None Include="renderer\ccShader_Label_normal.frag">
      <Filter>renderer</Filter>
    </None>
    <None Include="renderer\ccShader_Label_outline.frag">
      <Filter>renderer</Filter>
    </None>
    <None Include="renderer\ccShader_Position_uColor.frag">
      <Filter>renderer</Filter>
    </None>
    <None Include="renderer\ccShader_Position_uColor.vert">
      <Filter>renderer</Filter>
    </None>
    <None Include="renderer\ccShader_PositionColor.frag">
      <Filter>renderer</Filter>
    </None>
    <None Include="renderer\ccShader_PositionColor.vert">
      <Filter>renderer</Filter>
    </None>
    <None Include="renderer\ccShader_PositionColorLengthTexture.frag">
      <Filter>renderer</Filter>
    </None>
    <None Include="renderer\ccShader_PositionColorLengthTexture.vert">
      <Filter>renderer</Filter>
    </None>
    <None Include="renderer\ccShader_PositionColorTextureAsPointsize.vert">
      <Filter>renderer</Filter>
    </None>
    <None Include="renderer\ccShader_PositionTexture.frag">
      <Filter>renderer</Filter>
    </None>
    <None Include="renderer\ccShader_PositionTexture.vert">
      <Filter>renderer</Filter>
    </None>
    <None Include="renderer\ccShader_PositionTexture_uColor.frag">
      <Filter>renderer</Filter>
    </None>
    <None Include="renderer\ccShader_PositionTexture_uColor.vert">
      <Filter>renderer</Filter>
    </None>
    <None Include="renderer\ccShader_PositionTextureA8Color.frag">
      <Filter>renderer</Filter>
    </None>
    <None Include="renderer\ccShader_PositionTextureA8Color.vert">
      <Filter>renderer</Filter>
    </None>
    <None Include="renderer\ccShader_PositionTextureColor.frag">
      <Filter>renderer</Filter>
    </None>
    <None Include="renderer\ccShader_PositionTextureColor.vert">
      <Filter>renderer</Filter>
    </None>
    <None Include="renderer\ccShader_PositionTextureColor_noMVP.frag">
      <Filter>renderer</Filter>
    </None>
    <None Include="renderer\ccShader_PositionTextureColor_noMVP.vert">
      <Filter>renderer</Filter>
    </None>
    <None Include="renderer\ccShader_PositionTextureColorAlphaTest.frag">
      <Filter>renderer</Filter>
    </None>
    <None Include="renderer\ccShader_UI_Gray.frag">
      <Filter>renderer</Filter>
    </None>
  </ItemGroup>
</Project>